# This file was autogenerated by uv via the following command:
#    uv pip compile benchmarks/task_manager/requirements.in --universal --python-version 3.12 --exclude-newer 2026-08-09 --no-annotate --output-file benchmarks/task_manager/requirements.lock
annotated-types==0.8.0
anyio==4.14.2
certifi==2026.7.22
click==8.4.2
colorama==0.4.6 ; sys_platform == 'win32'
fastapi==0.116.1
h11==0.16.0
httpcore==1.0.9
httpx==0.28.1
idna==3.18
iniconfig==2.3.0
jinja2==3.1.6
markupsafe==3.0.3
packaging==26.3
pluggy==1.6.0
pydantic==2.13.4
pydantic-core==2.46.4
pygments==2.20.0
pytest==8.4.2
python-multipart==0.0.20
ruff==0.12.8
starlette==0.47.3
typing-extensions==4.16.0
typing-inspection==0.4.2
uvicorn==0.35.0
